
Microsoft Visual Studio Solution File, Format Version 12.00
# Visual Studio Version 16
VisualStudioVersion = 16.0.29424.173
MinimumVisualStudioVersion = 10.0.40219.1
Project("{FAE04EC0-301F-11D3-BF4B-00C04F79EFBC}") = "BankrollApp", "BankrollApp\BankrollApp.csproj", "{D7D0723C-F654-46DB-BFE5-377A1DF4DDCC}"
EndProject
Project("{FAE04EC0-301F-11D3-BF4B-00C04F79EFBC}") = "ExchangeRateApp", "DollarEuroApp\ExchangeRateApp.csproj", "{76D32239-0700-41D4-A255-896641CB6843}"
EndProject
Global
	GlobalSection(SolutionConfigurationPlatforms) = preSolution
		Debug|Any CPU = Debug|Any CPU
		Release|Any CPU = Release|Any CPU
	EndGlobalSection
	GlobalSection(ProjectConfigurationPlatforms) = postSolution
		{D7D0723C-F654-46DB-BFE5-377A1DF4DDCC}.Debug|Any CPU.ActiveCfg = Debug|Any CPU
		{D7D0723C-F654-46DB-BFE5-377A1DF4DDCC}.Debug|Any CPU.Build.0 = Debug|Any CPU
		{D7D0723C-F654-46DB-BFE5-377A1DF4DDCC}.Release|Any CPU.ActiveCfg = Release|Any CPU
		{D7D0723C-F654-46DB-BFE5-377A1DF4DDCC}.Release|Any CPU.Build.0 = Release|Any CPU
		{76D32239-0700-41D4-A255-896641CB6843}.Debug|Any CPU.ActiveCfg = Debug|Any CPU
		{76D32239-0700-41D4-A255-896641CB6843}.Debug|Any CPU.Build.0 = Debug|Any CPU
		{76D32239-0700-41D4-A255-896641CB6843}.Release|Any CPU.ActiveCfg = Release|Any CPU
		{76D32239-0700-41D4-A255-896641CB6843}.Release|Any CPU.Build.0 = Release|Any CPU
	EndGlobalSection
	GlobalSection(SolutionProperties) = preSolution
		HideSolutionNode = FALSE
	EndGlobalSection
	GlobalSection(ExtensibilityGlobals) = postSolution
		SolutionGuid = {324ECE61-37AF-4818-950C-16ED175E9DAB}
	EndGlobalSection
EndGlobal
